{
  "nodes": {
    "flake-compat": {
      "flake": false,
      "locked": {
        "lastModified": 1747046372,
        "narHash": "sha256-CIVLLkVgvHYbgI2UpXvIIBJ12HWgX+fjA8Xf8PUmqCY=",
        "owner": "edolstra",
        "repo": "flake-compat",
        "rev": "9100a0f413b0c601e0533d1d94ffd501ce2e7885",
        "type": "github"
      },
      "original": {
        "owner": "edolstra",
        "repo": "flake-compat",
        "type": "github"
      }
    },
    "flake-compat_2": {
      "flake": false,
      "locked": {
        "lastModified": 1746162366,
        "narHash": "sha256-5SSSZ/oQkwfcAz/o/6TlejlVGqeK08wyREBQ5qFFPhM=",
        "owner": "nix-community",
        "repo": "flake-compat",
        "rev": "0f158086a2ecdbb138cd0429410e44994f1b7e4b",
        "type": "github"
      },
      "original": {
        "owner": "nix-community",
        "repo": "flake-compat",
        "type": "github"
      }
    },
    "flake-parts": {
      "inputs": {
        "nixpkgs-lib": "nixpkgs-lib"
      },
      "locked": {
        "lastModified": 1743550720,
        "narHash": "sha256-hIshGgKZCgWh6AYJpJmRgFdR3WUbkY04o82X05xqQiY=",
        "owner": "hercules-ci",
        "repo": "flake-parts",
        "rev": "c621e8422220273271f52058f618c94e405bb0f5",
        "type": "github"
      },
      "original": {
        "owner": "hercules-ci",
        "repo": "flake-parts",
        "type": "github"
      }
    },
    "flake-root": {
      "locked": {
        "lastModified": 1723604017,
        "narHash": "sha256-rBtQ8gg+Dn4Sx/s+pvjdq3CB2wQNzx9XGFq/JVGCB6k=",
        "owner": "srid",
        "repo": "flake-root",
        "rev": "b759a56851e10cb13f6b8e5698af7b59c44be26e",
        "type": "github"
      },
      "original": {
        "owner": "srid",
        "repo": "flake-root",
        "type": "github"
      }
    },
    "flake-utils": {
      "inputs": {
        "systems": "systems"
      },
      "locked": {
        "lastModified": 1731533236,
        "narHash": "sha256-l0KFg5HjrsfsO/JpG+r7fRrqm12kzFHyUHqHCVpMMbI=",
        "owner": "numtide",
        "repo": "flake-utils",
        "rev": "11707dc2f618dd54ca8739b309ec4fc024de578b",
        "type": "github"
      },
      "original": {
        "owner": "numtide",
        "repo": "flake-utils",
        "type": "github"
      }
    },
    "git-hooks-nix": {
      "inputs": {
        "flake-compat": [
          "sbomnix",
          "flake-compat"
        ],
        "gitignore": "gitignore",
        "nixpkgs": [
          "sbomnix",
          "nixpkgs"
        ]
      },
      "locked": {
        "lastModified": 1747372754,
        "narHash": "sha256-2Y53NGIX2vxfie1rOW0Qb86vjRZ7ngizoo+bnXU9D9k=",
        "owner": "cachix",
        "repo": "git-hooks.nix",
        "rev": "80479b6ec16fefd9c1db3ea13aeb038c60530f46",
        "type": "github"
      },
      "original": {
        "owner": "cachix",
        "repo": "git-hooks.nix",
        "type": "github"
      }
    },
    "gitignore": {
      "inputs": {
        "nixpkgs": [
          "sbomnix",
          "git-hooks-nix",
          "nixpkgs"
        ]
      },
      "locked": {
        "lastModified": 1709087332,
        "narHash": "sha256-HG2cCnktfHsKV0s4XW83gU3F57gaTljL9KNSuG6bnQs=",
        "owner": "hercules-ci",
        "repo": "gitignore.nix",
        "rev": "637db329424fd7e46cf4185293b9cc8c88c95394",
        "type": "github"
      },
      "original": {
        "owner": "hercules-ci",
        "repo": "gitignore.nix",
        "type": "github"
      }
    },
    "isReleaseBuild": {
      "locked": {
        "lastModified": 1657739266,
        "narHash": "sha256-vLy8GQr0noEcoA+jX24FgUVBA/poV36zDWAUChN3hIY=",
        "owner": "boolean-option",
        "repo": "false",
        "rev": "d06b4794a134686c70a1325df88a6e6768c6b212",
        "type": "github"
      },
      "original": {
        "owner": "boolean-option",
        "repo": "false",
        "type": "github"
      }
    },
    "nix2container": {
      "inputs": {
        "nixpkgs": [
          "nixpkgs"
        ]
      },
      "locked": {
        "lastModified": 1752002763,
        "narHash": "sha256-JYAkdZvpdSx9GUoHPArctYMypSONob4DYKRkOubUWtY=",
        "owner": "nlewo",
        "repo": "nix2container",
        "rev": "4f2437f6a1844b843b380d483087ae6d461240ee",
        "type": "github"
      },
      "original": {
        "owner": "nlewo",
        "repo": "nix2container",
        "type": "github"
      }
    },
    "nixpkgs": {
      "locked": {
        "lastModified": 1752489816,
        "narHash": "sha256-n1TJ4RLi3P240o5OB1piQHMjeLhKvr7o4VZ12/We3z4=",
        "owner": "nixos",
        "repo": "nixpkgs",
        "rev": "80efaa12b886558fd0a674f5e11b550311045f90",
        "type": "github"
      },
      "original": {
        "owner": "nixos",
        "repo": "nixpkgs",
        "rev": "80efaa12b886558fd0a674f5e11b550311045f90",
        "type": "github"
      }
    },
    "nixpkgs-lib": {
      "locked": {
        "lastModified": 1743296961,
        "narHash": "sha256-b1EdN3cULCqtorQ4QeWgLMrd5ZGOjLSLemfa00heasc=",
        "owner": "nix-community",
        "repo": "nixpkgs.lib",
        "rev": "e4822aea2a6d1cdd36653c134cacfd64c97ff4fa",
        "type": "github"
      },
      "original": {
        "owner": "nix-community",
        "repo": "nixpkgs.lib",
        "type": "github"
      }
    },
    "root": {
      "inputs": {
        "flake-compat": "flake-compat",
        "flake-utils": "flake-utils",
        "isReleaseBuild": "isReleaseBuild",
        "nix2container": "nix2container",
        "nixpkgs": "nixpkgs",
        "sbomnix": "sbomnix"
      }
    },
    "sbomnix": {
      "inputs": {
        "flake-compat": "flake-compat_2",
        "flake-parts": "flake-parts",
        "flake-root": "flake-root",
        "git-hooks-nix": "git-hooks-nix",
        "nixpkgs": [
          "nixpkgs"
        ],
        "treefmt-nix": "treefmt-nix"
      },
      "locked": {
        "lastModified": 1750835564,
        "narHash": "sha256-gcdLNwHvMossM7hG0e/yY8obu4mkED+X6azG7Np2Xf0=",
        "owner": "tiiuae",
        "repo": "sbomnix",
        "rev": "bb53a4b2a4b2ec32d5b471ef15a8dd701c7aee2a",
        "type": "github"
      },
      "original": {
        "owner": "tiiuae",
        "repo": "sbomnix",
        "type": "github"
      }
    },
    "systems": {
      "locked": {
        "lastModified": 1681028828,
        "narHash": "sha256-Vy1rq5AaRuLzOxct8nz4T6wlgyUR7zLU309k9mBC768=",
        "owner": "nix-systems",
        "repo": "default",
        "rev": "da67096a3b9bf56a91d16901293e51ba5b49a27e",
        "type": "github"
      },
      "original": {
        "owner": "nix-systems",
        "repo": "default",
        "type": "github"
      }
    },
    "treefmt-nix": {
      "inputs": {
        "nixpkgs": [
          "sbomnix",
          "nixpkgs"
        ]
      },
      "locked": {
        "lastModified": 1748243702,
        "narHash": "sha256-9YzfeN8CB6SzNPyPm2XjRRqSixDopTapaRsnTpXUEY8=",
        "owner": "numtide",
        "repo": "treefmt-nix",
        "rev": "1f3f7b784643d488ba4bf315638b2b0a4c5fb007",
        "type": "github"
      },
      "original": {
        "owner": "numtide",
        "repo": "treefmt-nix",
        "type": "github"
      }
    }
  },
  "root": "root",
  "version": 7
}
