[[package]]
name = "antlr4-python3-runtime"
version = "4.9.3"
description = "ANTLR 4.9.3 runtime for Python 3.7"
category = "main"
optional = false
python-versions = "*"

[[package]]
name = "certifi"
version = "2022.9.24"
description = "Python package for providing Mozilla's CA Bundle."
category = "main"
optional = false
python-versions = ">=3.6"

[[package]]
name = "charset-normalizer"
version = "2.1.1"
description = "The Real First Universal Charset Detector. Open, modern and actively maintained alternative to Chardet."
category = "main"
optional = false
python-versions = ">=3.6.0"

[package.extras]
unicode-backport = ["unicodedata2"]

[[package]]
name = "coloredlogs"
version = "15.0.1"
description = "Colored terminal output for Python's logging module"
category = "main"
optional = false
python-versions = ">=2.7, !=3.0.*, !=3.1.*, !=3.2.*, !=3.3.*, !=3.4.*"

[package.dependencies]
humanfriendly = ">=9.1"

[package.extras]
cron = ["capturer (>=2.4)"]

[[package]]
name = "dynaconf"
version = "3.1.11"
description = "The dynamic configurator for your Python Project"
category = "main"
optional = false
python-versions = ">=3.7"

[package.extras]
all = ["configobj", "hvac", "redis", "ruamel.yaml"]
configobj = ["configobj"]
ini = ["configobj"]
redis = ["redis"]
test = ["codecov", "configobj", "django", "flake8", "flake8-debugger", "flake8-print", "flake8-todo", "flask (>=0.12)", "hvac", "pep8-naming", "pytest", "pytest-cov", "pytest-mock", "pytest-xdist", "python-dotenv", "radon", "redis", "toml"]
toml = ["toml"]
vault = ["hvac"]
yaml = ["ruamel.yaml"]

[[package]]
name = "humanfriendly"
version = "10.0"
description = "Human friendly output for text interfaces using Python"
category = "main"
optional = false
python-versions = ">=2.7, !=3.0.*, !=3.1.*, !=3.2.*, !=3.3.*, !=3.4.*"

[package.dependencies]
pyreadline3 = {version = "*", markers = "sys_platform == \"win32\" and python_version >= \"3.8\""}

[[package]]
name = "idna"
version = "3.4"
description = "Internationalized Domain Names in Applications (IDNA)"
category = "main"
optional = false
python-versions = ">=3.5"

[[package]]
name = "numpy"
version = "1.23.4"
description = "NumPy is the fundamental package for array computing with Python."
category = "main"
optional = false
python-versions = ">=3.8"

[[package]]
name = "pandas"
version = "1.5.1"
description = "Powerful data structures for data analysis, time series, and statistics"
category = "main"
optional = false
python-versions = ">=3.8"

[package.dependencies]
numpy = {version = ">=1.21.0", markers = "python_version >= \"3.10\""}
python-dateutil = ">=2.8.1"
pytz = ">=2020.1"

[package.extras]
test = ["hypothesis (>=5.5.3)", "pytest (>=6.0)", "pytest-xdist (>=1.31)"]

[[package]]
name = "pyarrow"
version = "10.0.0"
description = "Python library for Apache Arrow"
category = "main"
optional = false
python-versions = ">=3.7"

[package.dependencies]
numpy = ">=1.16.6"

[[package]]
name = "pyreadline3"
version = "3.4.1"
description = "A python implementation of GNU readline."
category = "main"
optional = false
python-versions = "*"

[[package]]
name = "python-dateutil"
version = "2.8.2"
description = "Extensions to the standard Python datetime module"
category = "main"
optional = false
python-versions = "!=3.0.*,!=3.1.*,!=3.2.*,>=2.7"

[package.dependencies]
six = ">=1.5"

[[package]]
name = "pytz"
version = "2022.6"
description = "World timezone definitions, modern and historical"
category = "main"
optional = false
python-versions = "*"

[[package]]
name = "requests"
version = "2.28.1"
description = "Python HTTP for Humans."
category = "main"
optional = false
python-versions = ">=3.7, <4"

[package.dependencies]
certifi = ">=2017.4.17"
charset-normalizer = ">=2,<3"
idna = ">=2.5,<4"
urllib3 = ">=1.21.1,<1.27"

[package.extras]
socks = ["PySocks (>=1.5.6,!=1.5.7)"]
use-chardet-on-py3 = ["chardet (>=3.0.2,<6)"]

[[package]]
name = "simplejson"
version = "3.17.6"
description = "Simple, fast, extensible JSON encoder/decoder for Python"
category = "main"
optional = false
python-versions = ">=2.5, !=3.0.*, !=3.1.*, !=3.2.*"

[[package]]
name = "six"
version = "1.16.0"
description = "Python 2 and 3 compatibility utilities"
category = "main"
optional = false
python-versions = ">=2.7, !=3.0.*, !=3.1.*, !=3.2.*"

[[package]]
name = "stix2"
version = "3.0.1"
description = "Produce and consume STIX 2 JSON content"
category = "main"
optional = false
python-versions = ">=3.6"

[package.dependencies]
pytz = "*"
requests = "*"
simplejson = "*"
stix2-patterns = ">=1.2.0"

[package.extras]
semantic = ["haversine", "rapidfuzz"]
taxii = ["taxii2-client (>=2.3.0)"]

[[package]]
name = "stix2-patterns"
version = "2.0.0"
description = "Validate STIX 2 Patterns."
category = "main"
optional = false
python-versions = ">=3.6"

[package.dependencies]
antlr4-python3-runtime = ">=4.9.0,<4.10.0"
six = "*"

[package.extras]
dev = ["bumpversion", "check-manifest", "coverage", "pre-commit", "pytest", "pytest-cov", "sphinx", "sphinx-prompt", "tox"]
docs = ["sphinx", "sphinx-prompt"]
test = ["coverage", "pytest", "pytest-cov"]

[[package]]
name = "urllib3"
version = "1.26.12"
description = "HTTP library with thread-safe connection pooling, file post, and more."
category = "main"
optional = false
python-versions = ">=2.7, !=3.0.*, !=3.1.*, !=3.2.*, !=3.3.*, !=3.4.*, !=3.5.*, <4"

[package.extras]
brotli = ["brotli (>=1.0.9)", "brotlicffi (>=0.8.0)", "brotlipy (>=0.6.0)"]
secure = ["certifi", "cryptography (>=1.3.4)", "idna (>=2.0.0)", "ipaddress", "pyOpenSSL (>=0.14)", "urllib3-secure-extra"]
socks = ["PySocks (>=1.5.6,!=1.5.7,<2.0)"]

[[package]]
name = "vast"
version = "2.3.0"
description = "A security telemetry engine for detection and response"
category = "main"
optional = false
python-versions = "^3.9"
develop = true

[package.dependencies]
coloredlogs = "^15.0"
dynaconf = "^3.1"
pandas = "^1.5"
pyarrow = "^10.0"
stix2 = "^3.0.1"

[package.extras]
fabric = ["misp-stix (>=2.4,<3.0)", "pyzmq (>=24.0,<25.0)"]

[package.source]
type = "directory"
url = "../../../python"

[metadata]
lock-version = "1.1"
python-versions = "^3.10"
content-hash = "0b63548b3f68282fd56df128cec74839605cb1131f202cdfa2014c84191c52bc"

[metadata.files]
antlr4-python3-runtime = [
    {file = "antlr4-python3-runtime-4.9.3.tar.gz", hash = "sha256:f224469b4168294902bb1efa80a8bf7855f24c99aef99cbefc1bcd3cce77881b"},
]
certifi = [
    {file = "certifi-2022.9.24-py3-none-any.whl", hash = "sha256:90c1a32f1d68f940488354e36370f6cca89f0f106db09518524c88d6ed83f382"},
    {file = "certifi-2022.9.24.tar.gz", hash = "sha256:0d9c601124e5a6ba9712dbc60d9c53c21e34f5f641fe83002317394311bdce14"},
]
charset-normalizer = [
    {file = "charset-normalizer-2.1.1.tar.gz", hash = "sha256:5a3d016c7c547f69d6f81fb0db9449ce888b418b5b9952cc5e6e66843e9dd845"},
    {file = "charset_normalizer-2.1.1-py3-none-any.whl", hash = "sha256:83e9a75d1911279afd89352c68b45348559d1fc0506b054b346651b5e7fee29f"},
]
coloredlogs = [
    {file = "coloredlogs-15.0.1-py2.py3-none-any.whl", hash = "sha256:612ee75c546f53e92e70049c9dbfcc18c935a2b9a53b66085ce9ef6a6e5c0934"},
    {file = "coloredlogs-15.0.1.tar.gz", hash = "sha256:7c991aa71a4577af2f82600d8f8f3a89f936baeaf9b50a9c197da014e5bf16b0"},
]
dynaconf = [
    {file = "dynaconf-3.1.11-py2.py3-none-any.whl", hash = "sha256:87e0b3b12b5db9e8fb465e1f8c7fdb926cd2ec5b6d88aa7f821f316df93fb165"},
    {file = "dynaconf-3.1.11.tar.gz", hash = "sha256:d9cfb50fd4a71a543fd23845d4f585b620b6ff6d9d3cc1825c614f7b2097cb39"},
]
humanfriendly = [
    {file = "humanfriendly-10.0-py2.py3-none-any.whl", hash = "sha256:1697e1a8a8f550fd43c2865cd84542fc175a61dcb779b6fee18cf6b6ccba1477"},
    {file = "humanfriendly-10.0.tar.gz", hash = "sha256:6b0b831ce8f15f7300721aa49829fc4e83921a9a301cc7f606be6686a2288ddc"},
]
idna = [
    {file = "idna-3.4-py3-none-any.whl", hash = "sha256:90b77e79eaa3eba6de819a0c442c0b4ceefc341a7a2ab77d7562bf49f425c5c2"},
    {file = "idna-3.4.tar.gz", hash = "sha256:814f528e8dead7d329833b91c5faa87d60bf71824cd12a7530b5526063d02cb4"},
]
numpy = [
    {file = "numpy-1.23.4-cp310-cp310-macosx_10_9_x86_64.whl", hash = "sha256:95d79ada05005f6f4f337d3bb9de8a7774f259341c70bc88047a1f7b96a4bcb2"},
    {file = "numpy-1.23.4-cp310-cp310-macosx_11_0_arm64.whl", hash = "sha256:926db372bc4ac1edf81cfb6c59e2a881606b409ddc0d0920b988174b2e2a767f"},
    {file = "numpy-1.23.4-cp310-cp310-manylinux_2_17_aarch64.manylinux2014_aarch64.whl", hash = "sha256:c237129f0e732885c9a6076a537e974160482eab8f10db6292e92154d4c67d71"},
    {file = "numpy-1.23.4-cp310-cp310-manylinux_2_17_x86_64.manylinux2014_x86_64.whl", hash = "sha256:a8365b942f9c1a7d0f0dc974747d99dd0a0cdfc5949a33119caf05cb314682d3"},
    {file = "numpy-1.23.4-cp310-cp310-win32.whl", hash = "sha256:2341f4ab6dba0834b685cce16dad5f9b6606ea8a00e6da154f5dbded70fdc4dd"},
    {file = "numpy-1.23.4-cp310-cp310-win_amd64.whl", hash = "sha256:d331afac87c92373826af83d2b2b435f57b17a5c74e6268b79355b970626e329"},
    {file = "numpy-1.23.4-cp311-cp311-macosx_10_9_x86_64.whl", hash = "sha256:488a66cb667359534bc70028d653ba1cf307bae88eab5929cd707c761ff037db"},
    {file = "numpy-1.23.4-cp311-cp311-macosx_11_0_arm64.whl", hash = "sha256:ce03305dd694c4873b9429274fd41fc7eb4e0e4dea07e0af97a933b079a5814f"},
    {file = "numpy-1.23.4-cp311-cp311-manylinux_2_17_aarch64.manylinux2014_aarch64.whl", hash = "sha256:8981d9b5619569899666170c7c9748920f4a5005bf79c72c07d08c8a035757b0"},
    {file = "numpy-1.23.4-cp311-cp311-manylinux_2_17_x86_64.manylinux2014_x86_64.whl", hash = "sha256:7a70a7d3ce4c0e9284e92285cba91a4a3f5214d87ee0e95928f3614a256a1488"},
    {file = "numpy-1.23.4-cp311-cp311-win32.whl", hash = "sha256:5e13030f8793e9ee42f9c7d5777465a560eb78fa7e11b1c053427f2ccab90c79"},
    {file = "numpy-1.23.4-cp311-cp311-win_amd64.whl", hash = "sha256:7607b598217745cc40f751da38ffd03512d33ec06f3523fb0b5f82e09f6f676d"},
    {file = "numpy-1.23.4-cp38-cp38-macosx_10_9_x86_64.whl", hash = "sha256:7ab46e4e7ec63c8a5e6dbf5c1b9e1c92ba23a7ebecc86c336cb7bf3bd2fb10e5"},
    {file = "numpy-1.23.4-cp38-cp38-macosx_11_0_arm64.whl", hash = "sha256:a8aae2fb3180940011b4862b2dd3756616841c53db9734b27bb93813cd79fce6"},
    {file = "numpy-1.23.4-cp38-cp38-manylinux_2_17_aarch64.manylinux2014_aarch64.whl", hash = "sha256:8c053d7557a8f022ec823196d242464b6955a7e7e5015b719e76003f63f82d0f"},
    {file = "numpy-1.23.4-cp38-cp38-manylinux_2_17_x86_64.manylinux2014_x86_64.whl", hash = "sha256:a0882323e0ca4245eb0a3d0a74f88ce581cc33aedcfa396e415e5bba7bf05f68"},
    {file = "numpy-1.23.4-cp38-cp38-win32.whl", hash = "sha256:dada341ebb79619fe00a291185bba370c9803b1e1d7051610e01ed809ef3a4ba"},
    {file = "numpy-1.23.4-cp38-cp38-win_amd64.whl", hash = "sha256:0fe563fc8ed9dc4474cbf70742673fc4391d70f4363f917599a7fa99f042d5a8"},
    {file = "numpy-1.23.4-cp39-cp39-macosx_10_9_x86_64.whl", hash = "sha256:c67b833dbccefe97cdd3f52798d430b9d3430396af7cdb2a0c32954c3ef73894"},
    {file = "numpy-1.23.4-cp39-cp39-macosx_11_0_arm64.whl", hash = "sha256:f76025acc8e2114bb664294a07ede0727aa75d63a06d2fae96bf29a81747e4a7"},
    {file = "numpy-1.23.4-cp39-cp39-manylinux_2_17_aarch64.manylinux2014_aarch64.whl", hash = "sha256:12ac457b63ec8ded85d85c1e17d85efd3c2b0967ca39560b307a35a6703a4735"},
    {file = "numpy-1.23.4-cp39-cp39-manylinux_2_17_x86_64.manylinux2014_x86_64.whl", hash = "sha256:95de7dc7dc47a312f6feddd3da2500826defdccbc41608d0031276a24181a2c0"},
    {file = "numpy-1.23.4-cp39-cp39-win32.whl", hash = "sha256:f2f390aa4da44454db40a1f0201401f9036e8d578a25f01a6e237cea238337ef"},
    {file = "numpy-1.23.4-cp39-cp39-win_amd64.whl", hash = "sha256:f260da502d7441a45695199b4e7fd8ca87db659ba1c78f2bbf31f934fe76ae0e"},
    {file = "numpy-1.23.4-pp38-pypy38_pp73-macosx_10_9_x86_64.whl", hash = "sha256:61be02e3bf810b60ab74e81d6d0d36246dbfb644a462458bb53b595791251911"},
    {file = "numpy-1.23.4-pp38-pypy38_pp73-manylinux_2_17_x86_64.manylinux2014_x86_64.whl", hash = "sha256:296d17aed51161dbad3c67ed6d164e51fcd18dbcd5dd4f9d0a9c6055dce30810"},
    {file = "numpy-1.23.4-pp38-pypy38_pp73-win_amd64.whl", hash = "sha256:4d52914c88b4930dafb6c48ba5115a96cbab40f45740239d9f4159c4ba779962"},
    {file = "numpy-1.23.4.tar.gz", hash = "sha256:ed2cc92af0efad20198638c69bb0fc2870a58dabfba6eb722c933b48556c686c"},
]
pandas = [
    {file = "pandas-1.5.1-cp310-cp310-macosx_10_9_universal2.whl", hash = "sha256:0a78e05ec09731c5b3bd7a9805927ea631fe6f6cb06f0e7c63191a9a778d52b4"},
    {file = "pandas-1.5.1-cp310-cp310-macosx_10_9_x86_64.whl", hash = "sha256:5b0c970e2215572197b42f1cff58a908d734503ea54b326412c70d4692256391"},
    {file = "pandas-1.5.1-cp310-cp310-macosx_11_0_arm64.whl", hash = "sha256:f340331a3f411910adfb4bbe46c2ed5872d9e473a783d7f14ecf49bc0869c594"},
    {file = "pandas-1.5.1-cp310-cp310-manylinux_2_17_aarch64.manylinux2014_aarch64.whl", hash = "sha256:d8c709f4700573deb2036d240d140934df7e852520f4a584b2a8d5443b71f54d"},
    {file = "pandas-1.5.1-cp310-cp310-manylinux_2_17_x86_64.manylinux2014_x86_64.whl", hash = "sha256:32e3d9f65606b3f6e76555bfd1d0b68d94aff0929d82010b791b6254bf5a4b96"},
    {file = "pandas-1.5.1-cp310-cp310-win_amd64.whl", hash = "sha256:a52419d9ba5906db516109660b114faf791136c94c1a636ed6b29cbfff9187ee"},
    {file = "pandas-1.5.1-cp311-cp311-macosx_10_9_universal2.whl", hash = "sha256:66a1ad667b56e679e06ba73bb88c7309b3f48a4c279bd3afea29f65a766e9036"},
    {file = "pandas-1.5.1-cp311-cp311-macosx_10_9_x86_64.whl", hash = "sha256:36aa1f8f680d7584e9b572c3203b20d22d697c31b71189322f16811d4ecfecd3"},
    {file = "pandas-1.5.1-cp311-cp311-macosx_11_0_arm64.whl", hash = "sha256:bcf1a82b770b8f8c1e495b19a20d8296f875a796c4fe6e91da5ef107f18c5ecb"},
    {file = "pandas-1.5.1-cp311-cp311-manylinux_2_17_aarch64.manylinux2014_aarch64.whl", hash = "sha256:2c25e5c16ee5c0feb6cf9d982b869eec94a22ddfda9aa2fbed00842cbb697624"},
    {file = "pandas-1.5.1-cp311-cp311-manylinux_2_17_x86_64.manylinux2014_x86_64.whl", hash = "sha256:932d2d7d3cab44cfa275601c982f30c2d874722ef6396bb539e41e4dc4618ed4"},
    {file = "pandas-1.5.1-cp311-cp311-win_amd64.whl", hash = "sha256:eb7e8cf2cf11a2580088009b43de84cabbf6f5dae94ceb489f28dba01a17cb77"},
    {file = "pandas-1.5.1-cp38-cp38-macosx_10_9_universal2.whl", hash = "sha256:cb2a9cf1150302d69bb99861c5cddc9c25aceacb0a4ef5299785d0f5389a3209"},
    {file = "pandas-1.5.1-cp38-cp38-macosx_10_9_x86_64.whl", hash = "sha256:81f0674fa50b38b6793cd84fae5d67f58f74c2d974d2cb4e476d26eee33343d0"},
    {file = "pandas-1.5.1-cp38-cp38-macosx_11_0_arm64.whl", hash = "sha256:17da7035d9e6f9ea9cdc3a513161f8739b8f8489d31dc932bc5a29a27243f93d"},
    {file = "pandas-1.5.1-cp38-cp38-manylinux_2_17_aarch64.manylinux2014_aarch64.whl", hash = "sha256:669c8605dba6c798c1863157aefde959c1796671ffb342b80fcb80a4c0bc4c26"},
    {file = "pandas-1.5.1-cp38-cp38-manylinux_2_17_x86_64.manylinux2014_x86_64.whl", hash = "sha256:683779e5728ac9138406c59a11e09cd98c7d2c12f0a5fc2b9c5eecdbb4a00075"},
    {file = "pandas-1.5.1-cp38-cp38-win32.whl", hash = "sha256:ddf46b940ef815af4e542697eaf071f0531449407a7607dd731bf23d156e20a7"},
    {file = "pandas-1.5.1-cp38-cp38-win_amd64.whl", hash = "sha256:db45b94885000981522fb92349e6b76f5aee0924cc5315881239c7859883117d"},
    {file = "pandas-1.5.1-cp39-cp39-macosx_10_9_universal2.whl", hash = "sha256:927e59c694e039c75d7023465d311277a1fc29ed7236b5746e9dddf180393113"},
    {file = "pandas-1.5.1-cp39-cp39-macosx_10_9_x86_64.whl", hash = "sha256:e675f8fe9aa6c418dc8d3aac0087b5294c1a4527f1eacf9fe5ea671685285454"},
    {file = "pandas-1.5.1-cp39-cp39-macosx_11_0_arm64.whl", hash = "sha256:04e51b01d5192499390c0015630975f57836cc95c7411415b499b599b05c0c96"},
    {file = "pandas-1.5.1-cp39-cp39-manylinux_2_17_aarch64.manylinux2014_aarch64.whl", hash = "sha256:5cee0c74e93ed4f9d39007e439debcaadc519d7ea5c0afc3d590a3a7b2edf060"},
    {file = "pandas-1.5.1-cp39-cp39-manylinux_2_17_x86_64.manylinux2014_x86_64.whl", hash = "sha256:b156a971bc451c68c9e1f97567c94fd44155f073e3bceb1b0d195fd98ed12048"},
    {file = "pandas-1.5.1-cp39-cp39-win32.whl", hash = "sha256:05c527c64ee02a47a24031c880ee0ded05af0623163494173204c5b72ddce658"},
    {file = "pandas-1.5.1-cp39-cp39-win_amd64.whl", hash = "sha256:6bb391659a747cf4f181a227c3e64b6d197100d53da98dcd766cc158bdd9ec68"},
    {file = "pandas-1.5.1.tar.gz", hash = "sha256:249cec5f2a5b22096440bd85c33106b6102e0672204abd2d5c014106459804ee"},
]
pyarrow = [
    {file = "pyarrow-10.0.0-cp310-cp310-macosx_10_14_universal2.whl", hash = "sha256:10e031794d019425d34406edffe7e32157359e9455f9edb97a1732f8dabf802f"},
    {file = "pyarrow-10.0.0-cp310-cp310-macosx_10_14_x86_64.whl", hash = "sha256:e4c6da9f9e1ff96781ee1478f7cc0860e66c23584887b8e297c4b9905c3c9066"},
    {file = "pyarrow-10.0.0-cp310-cp310-macosx_11_0_arm64.whl", hash = "sha256:4051664d354b14939b5da35cfa77821ade594bc1cf56dd2032b3068c96697d74"},
    {file = "pyarrow-10.0.0-cp310-cp310-manylinux_2_17_aarch64.manylinux2014_aarch64.whl", hash = "sha256:65d4a312f3ced318423704355acaccc7f7bdfe242472e59bdd54aa0f8837adf8"},
    {file = "pyarrow-10.0.0-cp310-cp310-manylinux_2_17_x86_64.manylinux2014_x86_64.whl", hash = "sha256:758284e1ebd3f2a9abb30544bfec28d151a398bb7c0f2578cbca5ee5b000364a"},
    {file = "pyarrow-10.0.0-cp310-cp310-win_amd64.whl", hash = "sha256:f329951d56b3b943c353f7b27c894e02367a7efbb9fef7979c6b24e02dbfcf55"},
    {file = "pyarrow-10.0.0-cp37-cp37m-macosx_10_14_x86_64.whl", hash = "sha256:511735040b83f2993f78d7fb615e7b88253d75f41500e87e587c40156ff88120"},
    {file = "pyarrow-10.0.0-cp37-cp37m-manylinux_2_17_aarch64.manylinux2014_aarch64.whl", hash = "sha256:3d2694f08c8d4482d14e3798ff036dbd81ae6b1c47948f52515e1aa90fbec3f0"},
    {file = "pyarrow-10.0.0-cp37-cp37m-manylinux_2_17_x86_64.manylinux2014_x86_64.whl", hash = "sha256:c79300e1a3e23f2bf4defcf0d70ff5ea25ef6ebf6f121d8670ee14bb662bb7ca"},
    {file = "pyarrow-10.0.0-cp37-cp37m-win_amd64.whl", hash = "sha256:f76157d9579571c865860e5fd004537c03e21139db76692d96fd8a186adab1f2"},
    {file = "pyarrow-10.0.0-cp38-cp38-macosx_10_14_x86_64.whl", hash = "sha256:69b8a1fd99201178799b02f18498633847109b701856ec762f314352a431b7d0"},
    {file = "pyarrow-10.0.0-cp38-cp38-macosx_11_0_arm64.whl", hash = "sha256:68ccb82c04c0f7abf7a95541d5e9d9d94290fc66a2d36d3f6ea0777f40c15654"},
    {file = "pyarrow-10.0.0-cp38-cp38-manylinux_2_17_aarch64.manylinux2014_aarch64.whl", hash = "sha256:b45f969ed924282e9d4ede38f3430630d809c36dbff65452cabce03141943d28"},
    {file = "pyarrow-10.0.0-cp38-cp38-manylinux_2_17_x86_64.manylinux2014_x86_64.whl", hash = "sha256:b9f63ceb8346aac0bcb487fafe9faca642ad448ca649fcf66a027c6e120cbc12"},
    {file = "pyarrow-10.0.0-cp38-cp38-win_amd64.whl", hash = "sha256:7ce026274cd5d9934cd3694e89edecde4e036018bbc6cb735fd33b9e967e7d47"},
    {file = "pyarrow-10.0.0-cp39-cp39-macosx_10_14_universal2.whl", hash = "sha256:7e6b837cc44cd62a0e280c8fc4de94ebce503d6d1190e6e94157ab49a8bea67b"},
    {file = "pyarrow-10.0.0-cp39-cp39-macosx_10_14_x86_64.whl", hash = "sha256:7be7f42f713068293308c989a4a3a2de03b70199bdbe753901c6595ff8640c64"},
    {file = "pyarrow-10.0.0-cp39-cp39-macosx_11_0_arm64.whl", hash = "sha256:b3e3148468d3eed3779d68241f1d13ed4ee7cca4c6dbc7c07e5062b93ad4da33"},
    {file = "pyarrow-10.0.0-cp39-cp39-manylinux_2_17_aarch64.manylinux2014_aarch64.whl", hash = "sha256:2d326a9d47ac237d81b8c4337e9d30a0b361835b536fc7ea53991455ce761fbd"},
    {file = "pyarrow-10.0.0-cp39-cp39-manylinux_2_17_x86_64.manylinux2014_x86_64.whl", hash = "sha256:25f51dca780fc22cfd7ac30f6bdfe70eb99145aee9acfda987f2c49955d66ed9"},
    {file = "pyarrow-10.0.0-cp39-cp39-win_amd64.whl", hash = "sha256:d45a59e2f47826544c0ca70bc0f7ed8ffa5ad23f93b0458230c7e983bcad1acf"},
    {file = "pyarrow-10.0.0.tar.gz", hash = "sha256:b153b05765393557716e3729cf988442b3ae4f5567364ded40d58c07feed27c2"},
]
pyreadline3 = [
    {file = "pyreadline3-3.4.1-py3-none-any.whl", hash = "sha256:b0efb6516fd4fb07b45949053826a62fa4cb353db5be2bbb4a7aa1fdd1e345fb"},
    {file = "pyreadline3-3.4.1.tar.gz", hash = "sha256:6f3d1f7b8a31ba32b73917cefc1f28cc660562f39aea8646d30bd6eff21f7bae"},
]
python-dateutil = [
    {file = "python-dateutil-2.8.2.tar.gz", hash = "sha256:0123cacc1627ae19ddf3c27a5de5bd67ee4586fbdd6440d9748f8abb483d3e86"},
    {file = "python_dateutil-2.8.2-py2.py3-none-any.whl", hash = "sha256:961d03dc3453ebbc59dbdea9e4e11c5651520a876d0f4db161e8674aae935da9"},
]
pytz = [
    {file = "pytz-2022.6-py2.py3-none-any.whl", hash = "sha256:222439474e9c98fced559f1709d89e6c9cbf8d79c794ff3eb9f8800064291427"},
    {file = "pytz-2022.6.tar.gz", hash = "sha256:e89512406b793ca39f5971bc999cc538ce125c0e51c27941bef4568b460095e2"},
]
requests = [
    {file = "requests-2.28.1-py3-none-any.whl", hash = "sha256:8fefa2a1a1365bf5520aac41836fbee479da67864514bdb821f31ce07ce65349"},
    {file = "requests-2.28.1.tar.gz", hash = "sha256:7c5599b102feddaa661c826c56ab4fee28bfd17f5abca1ebbe3e7f19d7c97983"},
]
simplejson = [
    {file = "simplejson-3.17.6-cp27-cp27m-macosx_10_9_x86_64.whl", hash = "sha256:a89acae02b2975b1f8e4974cb8cdf9bf9f6c91162fb8dec50c259ce700f2770a"},
    {file = "simplejson-3.17.6-cp27-cp27m-manylinux1_i686.whl", hash = "sha256:82ff356ff91be0ab2293fc6d8d262451eb6ac4fd999244c4b5f863e049ba219c"},
    {file = "simplejson-3.17.6-cp27-cp27m-manylinux1_x86_64.whl", hash = "sha256:0de783e9c2b87bdd75b57efa2b6260c24b94605b5c9843517577d40ee0c3cc8a"},
    {file = "simplejson-3.17.6-cp27-cp27m-manylinux2010_i686.whl", hash = "sha256:d24a9e61df7a7787b338a58abfba975414937b609eb6b18973e25f573bc0eeeb"},
    {file = "simplejson-3.17.6-cp27-cp27m-manylinux2010_x86_64.whl", hash = "sha256:e8603e691580487f11306ecb066c76f1f4a8b54fb3bdb23fa40643a059509366"},
    {file = "simplejson-3.17.6-cp27-cp27mu-manylinux1_i686.whl", hash = "sha256:9b01e7b00654115965a206e3015f0166674ec1e575198a62a977355597c0bef5"},
    {file = "simplejson-3.17.6-cp27-cp27mu-manylinux1_x86_64.whl", hash = "sha256:37bc0cf0e5599f36072077e56e248f3336917ded1d33d2688624d8ed3cefd7d2"},
    {file = "simplejson-3.17.6-cp27-cp27mu-manylinux2010_i686.whl", hash = "sha256:cf6e7d5fe2aeb54898df18db1baf479863eae581cce05410f61f6b4188c8ada1"},
    {file = "simplejson-3.17.6-cp27-cp27mu-manylinux2010_x86_64.whl", hash = "sha256:bdfc54b4468ed4cd7415928cbe782f4d782722a81aeb0f81e2ddca9932632211"},
    {file = "simplejson-3.17.6-cp310-cp310-macosx_10_9_universal2.whl", hash = "sha256:dd16302d39c4d6f4afde80edd0c97d4db643327d355a312762ccd9bd2ca515ed"},
    {file = "simplejson-3.17.6-cp310-cp310-macosx_10_9_x86_64.whl", hash = "sha256:deac4bdafa19bbb89edfb73b19f7f69a52d0b5bd3bb0c4ad404c1bbfd7b4b7fd"},
    {file = "simplejson-3.17.6-cp310-cp310-macosx_11_0_arm64.whl", hash = "sha256:a8bbdb166e2fb816e43ab034c865147edafe28e1b19c72433147789ac83e2dda"},
    {file = "simplejson-3.17.6-cp310-cp310-manylinux_2_17_aarch64.manylinux2014_aarch64.whl", hash = "sha256:a7854326920d41c3b5d468154318fe6ba4390cb2410480976787c640707e0180"},
    {file = "simplejson-3.17.6-cp310-cp310-manylinux_2_5_i686.manylinux1_i686.manylinux_2_12_i686.manylinux2010_i686.whl", hash = "sha256:04e31fa6ac8e326480703fb6ded1488bfa6f1d3f760d32e29dbf66d0838982ce"},
    {file = "simplejson-3.17.6-cp310-cp310-manylinux_2_5_x86_64.manylinux1_x86_64.manylinux_2_12_x86_64.manylinux2010_x86_64.whl", hash = "sha256:f63600ec06982cdf480899026f4fda622776f5fabed9a869fdb32d72bc17e99a"},
    {file = "simplejson-3.17.6-cp310-cp310-musllinux_1_1_aarch64.whl", hash = "sha256:e03c3b8cc7883a54c3f34a6a135c4a17bc9088a33f36796acdb47162791b02f6"},
    {file = "simplejson-3.17.6-cp310-cp310-musllinux_1_1_i686.whl", hash = "sha256:a2d30d6c1652140181dc6861f564449ad71a45e4f165a6868c27d36745b65d40"},
    {file = "simplejson-3.17.6-cp310-cp310-musllinux_1_1_x86_64.whl", hash = "sha256:a1aa6e4cae8e3b8d5321be4f51c5ce77188faf7baa9fe1e78611f93a8eed2882"},
    {file = "simplejson-3.17.6-cp310-cp310-win32.whl", hash = "sha256:97202f939c3ff341fc3fa84d15db86156b1edc669424ba20b0a1fcd4a796a045"},
    {file = "simplejson-3.17.6-cp310-cp310-win_amd64.whl", hash = "sha256:80d3bc9944be1d73e5b1726c3bbfd2628d3d7fe2880711b1eb90b617b9b8ac70"},
    {file = "simplejson-3.17.6-cp36-cp36m-macosx_10_9_x86_64.whl", hash = "sha256:9fa621b3c0c05d965882c920347b6593751b7ab20d8fa81e426f1735ca1a9fc7"},
    {file = "simplejson-3.17.6-cp36-cp36m-manylinux_2_17_aarch64.manylinux2014_aarch64.whl", hash = "sha256:dd2fb11922f58df8528adfca123f6a84748ad17d066007e7ac977720063556bd"},
    {file = "simplejson-3.17.6-cp36-cp36m-manylinux_2_5_i686.manylinux1_i686.manylinux_2_12_i686.manylinux2010_i686.whl", hash = "sha256:724c1fe135aa437d5126138d977004d165a3b5e2ee98fc4eb3e7c0ef645e7e27"},
    {file = "simplejson-3.17.6-cp36-cp36m-manylinux_2_5_x86_64.manylinux1_x86_64.manylinux_2_12_x86_64.manylinux2010_x86_64.whl", hash = "sha256:4ff4ac6ff3aa8f814ac0f50bf218a2e1a434a17aafad4f0400a57a8cc62ef17f"},
    {file = "simplejson-3.17.6-cp36-cp36m-musllinux_1_1_aarch64.whl", hash = "sha256:67093a526e42981fdd954868062e56c9b67fdd7e712616cc3265ad0c210ecb51"},
    {file = "simplejson-3.17.6-cp36-cp36m-musllinux_1_1_i686.whl", hash = "sha256:5d6b4af7ad7e4ac515bc6e602e7b79e2204e25dbd10ab3aa2beef3c5a9cad2c7"},
    {file = "simplejson-3.17.6-cp36-cp36m-musllinux_1_1_x86_64.whl", hash = "sha256:1c9b1ed7ed282b36571638297525f8ef80f34b3e2d600a56f962c6044f24200d"},
    {file = "simplejson-3.17.6-cp36-cp36m-win32.whl", hash = "sha256:632ecbbd2228575e6860c9e49ea3cc5423764d5aa70b92acc4e74096fb434044"},
    {file = "simplejson-3.17.6-cp36-cp36m-win_amd64.whl", hash = "sha256:4c09868ddb86bf79b1feb4e3e7e4a35cd6e61ddb3452b54e20cf296313622566"},
    {file = "simplejson-3.17.6-cp37-cp37m-macosx_10_9_x86_64.whl", hash = "sha256:4b6bd8144f15a491c662f06814bd8eaa54b17f26095bb775411f39bacaf66837"},
    {file = "simplejson-3.17.6-cp37-cp37m-manylinux_2_17_aarch64.manylinux2014_aarch64.whl", hash = "sha256:5decdc78849617917c206b01e9fc1d694fd58caa961be816cb37d3150d613d9a"},
    {file = "simplejson-3.17.6-cp37-cp37m-manylinux_2_5_i686.manylinux1_i686.manylinux_2_12_i686.manylinux2010_i686.whl", hash = "sha256:521877c7bd060470806eb6335926e27453d740ac1958eaf0d8c00911bc5e1802"},
    {file = "simplejson-3.17.6-cp37-cp37m-manylinux_2_5_x86_64.manylinux1_x86_64.manylinux_2_12_x86_64.manylinux2010_x86_64.whl", hash = "sha256:65b998193bd7b0c7ecdfffbc825d808eac66279313cb67d8892bb259c9d91494"},
    {file = "simplejson-3.17.6-cp37-cp37m-musllinux_1_1_aarch64.whl", hash = "sha256:ac786f6cb7aa10d44e9641c7a7d16d7f6e095b138795cd43503769d4154e0dc2"},
    {file = "simplejson-3.17.6-cp37-cp37m-musllinux_1_1_i686.whl", hash = "sha256:3ff5b3464e1ce86a8de8c88e61d4836927d5595c2162cab22e96ff551b916e81"},
    {file = "simplejson-3.17.6-cp37-cp37m-musllinux_1_1_x86_64.whl", hash = "sha256:69bd56b1d257a91e763256d63606937ae4eb890b18a789b66951c00062afec33"},
    {file = "simplejson-3.17.6-cp37-cp37m-win32.whl", hash = "sha256:b81076552d34c27e5149a40187a8f7e2abb2d3185576a317aaf14aeeedad862a"},
    {file = "simplejson-3.17.6-cp37-cp37m-win_amd64.whl", hash = "sha256:07ecaafc1b1501f275bf5acdee34a4ad33c7c24ede287183ea77a02dc071e0c0"},
    {file = "simplejson-3.17.6-cp38-cp38-macosx_10_9_universal2.whl", hash = "sha256:068670af975247acbb9fc3d5393293368cda17026db467bf7a51548ee8f17ee1"},
    {file = "simplejson-3.17.6-cp38-cp38-macosx_10_9_x86_64.whl", hash = "sha256:4d1c135af0c72cb28dd259cf7ba218338f4dc027061262e46fe058b4e6a4c6a3"},
    {file = "simplejson-3.17.6-cp38-cp38-macosx_11_0_arm64.whl", hash = "sha256:23fe704da910ff45e72543cbba152821685a889cf00fc58d5c8ee96a9bad5f94"},
    {file = "simplejson-3.17.6-cp38-cp38-manylinux_2_17_aarch64.manylinux2014_aarch64.whl", hash = "sha256:f444762fed1bc1fd75187ef14a20ed900c1fbb245d45be9e834b822a0223bc81"},
    {file = "simplejson-3.17.6-cp38-cp38-manylinux_2_5_i686.manylinux1_i686.manylinux_2_12_i686.manylinux2010_i686.whl", hash = "sha256:681eb4d37c9a9a6eb9b3245a5e89d7f7b2b9895590bb08a20aa598c1eb0a1d9d"},
    {file = "simplejson-3.17.6-cp38-cp38-manylinux_2_5_x86_64.manylinux1_x86_64.manylinux_2_12_x86_64.manylinux2010_x86_64.whl", hash = "sha256:8e8607d8f6b4f9d46fee11447e334d6ab50e993dd4dbfb22f674616ce20907ab"},
    {file = "simplejson-3.17.6-cp38-cp38-musllinux_1_1_aarch64.whl", hash = "sha256:b10556817f09d46d420edd982dd0653940b90151d0576f09143a8e773459f6fe"},
    {file = "simplejson-3.17.6-cp38-cp38-musllinux_1_1_i686.whl", hash = "sha256:e1ec8a9ee0987d4524ffd6299e778c16cc35fef6d1a2764e609f90962f0b293a"},
    {file = "simplejson-3.17.6-cp38-cp38-musllinux_1_1_x86_64.whl", hash = "sha256:0b4126cac7d69ac06ff22efd3e0b3328a4a70624fcd6bca4fc1b4e6d9e2e12bf"},
    {file = "simplejson-3.17.6-cp38-cp38-win32.whl", hash = "sha256:35a49ebef25f1ebdef54262e54ae80904d8692367a9f208cdfbc38dbf649e00a"},
    {file = "simplejson-3.17.6-cp38-cp38-win_amd64.whl", hash = "sha256:743cd768affaa508a21499f4858c5b824ffa2e1394ed94eb85caf47ac0732198"},
    {file = "simplejson-3.17.6-cp39-cp39-macosx_10_9_universal2.whl", hash = "sha256:fb62d517a516128bacf08cb6a86ecd39fb06d08e7c4980251f5d5601d29989ba"},
    {file = "simplejson-3.17.6-cp39-cp39-macosx_10_9_x86_64.whl", hash = "sha256:12133863178a8080a3dccbf5cb2edfab0001bc41e5d6d2446af2a1131105adfe"},
    {file = "simplejson-3.17.6-cp39-cp39-macosx_11_0_arm64.whl", hash = "sha256:5540fba2d437edaf4aa4fbb80f43f42a8334206ad1ad3b27aef577fd989f20d9"},
    {file = "simplejson-3.17.6-cp39-cp39-manylinux_2_17_aarch64.manylinux2014_aarch64.whl", hash = "sha256:d74ee72b5071818a1a5dab47338e87f08a738cb938a3b0653b9e4d959ddd1fd9"},
    {file = "simplejson-3.17.6-cp39-cp39-manylinux_2_5_i686.manylinux1_i686.manylinux_2_12_i686.manylinux2010_i686.whl", hash = "sha256:28221620f4dcabdeac310846629b976e599a13f59abb21616356a85231ebd6ad"},
    {file = "simplejson-3.17.6-cp39-cp39-manylinux_2_5_x86_64.manylinux1_x86_64.manylinux_2_12_x86_64.manylinux2010_x86_64.whl", hash = "sha256:b09bc62e5193e31d7f9876220fb429ec13a6a181a24d897b9edfbbdbcd678851"},
    {file = "simplejson-3.17.6-cp39-cp39-musllinux_1_1_aarch64.whl", hash = "sha256:7255a37ff50593c9b2f1afa8fafd6ef5763213c1ed5a9e2c6f5b9cc925ab979f"},
    {file = "simplejson-3.17.6-cp39-cp39-musllinux_1_1_i686.whl", hash = "sha256:401d40969cee3df7bda211e57b903a534561b77a7ade0dd622a8d1a31eaa8ba7"},
    {file = "simplejson-3.17.6-cp39-cp39-musllinux_1_1_x86_64.whl", hash = "sha256:a649d0f66029c7eb67042b15374bd93a26aae202591d9afd71e111dd0006b198"},
    {file = "simplejson-3.17.6-cp39-cp39-win32.whl", hash = "sha256:522fad7be85de57430d6d287c4b635813932946ebf41b913fe7e880d154ade2e"},
    {file = "simplejson-3.17.6-cp39-cp39-win_amd64.whl", hash = "sha256:3fe87570168b2ae018391e2b43fbf66e8593a86feccb4b0500d134c998983ccc"},
    {file = "simplejson-3.17.6.tar.gz", hash = "sha256:cf98038d2abf63a1ada5730e91e84c642ba6c225b0198c3684151b1f80c5f8a6"},
]
six = [
    {file = "six-1.16.0-py2.py3-none-any.whl", hash = "sha256:8abb2f1d86890a2dfb989f9a77cfcfd3e47c2a354b01111771326f8aa26e0254"},
    {file = "six-1.16.0.tar.gz", hash = "sha256:1e61c37477a1626458e36f7b1d82aa5c9b094fa4802892072e49de9c60c4c926"},
]
stix2 = [
    {file = "stix2-3.0.1-py2.py3-none-any.whl", hash = "sha256:827acf0b5b319c1b857c9db0d54907bb438b2b32312d236c891a305ad49b0ba2"},
    {file = "stix2-3.0.1.tar.gz", hash = "sha256:2a2718dc3451c84c709990b2ca220cc39c75ed23e0864d7e8d8190a9365b0cbf"},
]
stix2-patterns = [
    {file = "stix2-patterns-2.0.0.tar.gz", hash = "sha256:07750c5a5af2c758e9d2aa4dde9d8e04bcd162ac2a9b0b4c4de4481d443efa08"},
    {file = "stix2_patterns-2.0.0-py2.py3-none-any.whl", hash = "sha256:ca4d68b2db42ed99794a418388769d2676ca828e9cac0b8629e73cd3f68f6458"},
]
urllib3 = [
    {file = "urllib3-1.26.12-py2.py3-none-any.whl", hash = "sha256:b930dd878d5a8afb066a637fbb35144fe7901e3b209d1cd4f524bd0e9deee997"},
    {file = "urllib3-1.26.12.tar.gz", hash = "sha256:3fa96cf423e6987997fc326ae8df396db2a8b7c667747d47ddd8ecba91f4a74e"},
]
vast = []
