{
  "nodes": {
    "devshell": {
      "inputs": {
        "flake-utils": "flake-utils",
        "nixpkgs": "nixpkgs"
      },
      "locked": {
        "lastModified": 1644086288,
        "narHash": "sha256-FHcFZtpZEWnUh62xlyY3jfXAXHzJNEDLDzLsJxn+ve0=",
        "owner": "numtide",
        "repo": "devshell",
        "rev": "98d0118e39e9da7af0e7a567c5f9b55510a5b144",
        "type": "github"
      },
      "original": {
        "owner": "numtide",
        "ref": "refs/pull/169/head",
        "repo": "devshell",
        "type": "github"
      }
    },
    "flake-utils": {
      "locked": {
        "lastModified": 1642700792,
        "narHash": "sha256-XqHrk7hFb+zBvRg6Ghl+AZDq03ov6OshJLiSWOoX5es=",
        "owner": "numtide",
        "repo": "flake-utils",
        "rev": "846b2ae0fc4cc943637d3d1def4454213e203cba",
        "type": "github"
      },
      "original": {
        "owner": "numtide",
        "repo": "flake-utils",
        "type": "github"
      }
    },
    "flake-utils_2": {
      "locked": {
        "lastModified": 1644229661,
        "narHash": "sha256-1YdnJAsNy69bpcjuoKdOYQX0YxZBiCYZo4Twxerqv7k=",
        "owner": "numtide",
        "repo": "flake-utils",
        "rev": "3cecb5b042f7f209c56ffd8371b2711a290ec797",
        "type": "github"
      },
      "original": {
        "owner": "numtide",
        "repo": "flake-utils",
        "type": "github"
      }
    },
    "nixpkgs": {
      "locked": {
        "lastModified": 1643381941,
        "narHash": "sha256-pHTwvnN4tTsEKkWlXQ8JMY423epos8wUOhthpwJjtpc=",
        "owner": "NixOS",
        "repo": "nixpkgs",
        "rev": "5efc8ca954272c4376ac929f4c5ffefcc20551d5",
        "type": "github"
      },
      "original": {
        "owner": "NixOS",
        "ref": "nixpkgs-unstable",
        "repo": "nixpkgs",
        "type": "github"
      }
    },
    "nixpkgs_2": {
      "locked": {
        "lastModified": 1644486793,
        "narHash": "sha256-EeijR4guVHgVv+JpOX3cQO+1XdrkJfGmiJ9XVsVU530=",
        "owner": "nixos",
        "repo": "nixpkgs",
        "rev": "1882c6b7368fd284ad01b0a5b5601ef136321292",
        "type": "github"
      },
      "original": {
        "owner": "nixos",
        "ref": "nixpkgs-unstable",
        "repo": "nixpkgs",
        "type": "github"
      }
    },
    "nixpkgs_3": {
      "locked": {
        "lastModified": 1644486793,
        "narHash": "sha256-EeijR4guVHgVv+JpOX3cQO+1XdrkJfGmiJ9XVsVU530=",
        "owner": "nixos",
        "repo": "nixpkgs",
        "rev": "1882c6b7368fd284ad01b0a5b5601ef136321292",
        "type": "github"
      },
      "original": {
        "owner": "nixos",
        "ref": "nixpkgs-unstable",
        "repo": "nixpkgs",
        "type": "github"
      }
    },
    "nixpkgs_4": {
      "locked": {
        "lastModified": 1644486793,
        "narHash": "sha256-EeijR4guVHgVv+JpOX3cQO+1XdrkJfGmiJ9XVsVU530=",
        "owner": "nixos",
        "repo": "nixpkgs",
        "rev": "1882c6b7368fd284ad01b0a5b5601ef136321292",
        "type": "github"
      },
      "original": {
        "owner": "nixos",
        "ref": "nixpkgs-unstable",
        "repo": "nixpkgs",
        "type": "github"
      }
    },
    "root": {
      "inputs": {
        "devshell": "devshell",
        "flake-utils": "flake-utils_2",
        "nixpkgs": "nixpkgs_2",
        "std": "std",
        "vast-cells": "vast-cells"
      }
    },
    "std": {
      "inputs": {
        "nixpkgs": "nixpkgs_3",
        "yants": "yants"
      },
      "locked": {
        "lastModified": 1644548970,
        "narHash": "sha256-s6OI8oD4qlhzMBHrGd1CiFknUprFlzCw1aaahrGLods=",
        "owner": "divnix",
        "repo": "std",
        "rev": "b0828fd7939c49b1cd084b1689c890e6c3736dce",
        "type": "github"
      },
      "original": {
        "owner": "divnix",
        "repo": "std",
        "type": "github"
      }
    },
    "std_2": {
      "inputs": {
        "nixpkgs": "nixpkgs_4",
        "yants": "yants_2"
      },
      "locked": {
        "lastModified": 1644548970,
        "narHash": "sha256-s6OI8oD4qlhzMBHrGd1CiFknUprFlzCw1aaahrGLods=",
        "owner": "divnix",
        "repo": "std",
        "rev": "b0828fd7939c49b1cd084b1689c890e6c3736dce",
        "type": "github"
      },
      "original": {
        "owner": "divnix",
        "repo": "std",
        "type": "github"
      }
    },
    "vast-cells": {
      "inputs": {
        "std": "std_2"
      },
      "locked": {
        "narHash": "sha256-MxD3qBOcycbRbRz424Ir+t63QBZfmmwCofL125DyYeY=",
        "path": "/nix/store/iqy9ab5gzfkk05gka9vf2b2k9d82zbas-source/nix",
        "type": "path"
      },
      "original": {
        "path": "/nix/store/iqy9ab5gzfkk05gka9vf2b2k9d82zbas-source/nix",
        "type": "path"
      }
    },
    "yants": {
      "inputs": {
        "nixpkgs": [
          "std",
          "nixpkgs"
        ]
      },
      "locked": {
        "lastModified": 1643940980,
        "narHash": "sha256-Pj7tJLwx9P1oLN97XMS7iuyjK7czu7UsHA9edgsRu8Y=",
        "owner": "divnix",
        "repo": "yants",
        "rev": "66479c6b165ccd249196aaad3629186f0ecaa1d5",
        "type": "github"
      },
      "original": {
        "owner": "divnix",
        "repo": "yants",
        "type": "github"
      }
    },
    "yants_2": {
      "inputs": {
        "nixpkgs": [
          "std",
          "nixpkgs"
        ]
      },
      "locked": {
        "lastModified": 1643940980,
        "narHash": "sha256-Pj7tJLwx9P1oLN97XMS7iuyjK7czu7UsHA9edgsRu8Y=",
        "owner": "divnix",
        "repo": "yants",
        "rev": "66479c6b165ccd249196aaad3629186f0ecaa1d5",
        "type": "github"
      },
      "original": {
        "owner": "divnix",
        "repo": "yants",
        "type": "github"
      }
    }
  },
  "root": "root",
  "version": 7
}
